
Microsoft Visual Studio Solution File, Format Version 12.00
# Visual Studio Version 16
VisualStudioVersion = 16.0.30907.101
MinimumVisualStudioVersion = 10.0.40219.1
Project("{FAE04EC0-301F-11D3-BF4B-00C04F79EFBC}") = "GenericRepositoryTest", "GenericRepositoryTest\GenericRepositoryTest.csproj", "{560FC153-2BF5-4EDC-8A0D-C3C86AB05990}"
EndProject
Global
	GlobalSection(SolutionConfigurationPlatforms) = preSolution
		Debug|Any CPU = Debug|Any CPU
		Release|Any CPU = Release|Any CPU
	EndGlobalSection
	GlobalSection(ProjectConfigurationPlatforms) = postSolution
		{560FC153-2BF5-4EDC-8A0D-C3C86AB05990}.Debug|Any CPU.ActiveCfg = Debug|Any CPU
		{560FC153-2BF5-4EDC-8A0D-C3C86AB05990}.Debug|Any CPU.Build.0 = Debug|Any CPU
		{560FC153-2BF5-4EDC-8A0D-C3C86AB05990}.Release|Any CPU.ActiveCfg = Release|Any CPU
		{560FC153-2BF5-4EDC-8A0D-C3C86AB05990}.Release|Any CPU.Build.0 = Release|Any CPU
	EndGlobalSection
	GlobalSection(SolutionProperties) = preSolution
		HideSolutionNode = FALSE
	EndGlobalSection
	GlobalSection(ExtensibilityGlobals) = postSolution
		SolutionGuid = {C1635F2E-D0CD-4938-9E74-62DCB3511717}
	EndGlobalSection
EndGlobal
